
Microsoft Visual Studio Solution File, Format Version 12.00
# Visual Studio Version 17
VisualStudioVersion = 17.7.34024.191
MinimumVisualStudioVersion = 10.0.40219.1
Project("{FAE04EC0-301F-11D3-BF4B-00C04F79EFBC}") = "IBOS5", "IBOS5\IBOS5.csproj", "{B1647C01-ADF9-4488-82B9-86BACD26F69D}"
EndProject
Global
	GlobalSection(SolutionConfigurationPlatforms) = preSolution
		Debug|Any CPU = Debug|Any CPU
		Release|Any CPU = Release|Any CPU
	EndGlobalSection
	GlobalSection(ProjectConfigurationPlatforms) = postSolution
		{B1647C01-ADF9-4488-82B9-86BACD26F69D}.Debug|Any CPU.ActiveCfg = Debug|Any CPU
		{B1647C01-ADF9-4488-82B9-86BACD26F69D}.Debug|Any CPU.Build.0 = Debug|Any CPU
		{B1647C01-ADF9-4488-82B9-86BACD26F69D}.Release|Any CPU.ActiveCfg = Release|Any CPU
		{B1647C01-ADF9-4488-82B9-86BACD26F69D}.Release|Any CPU.Build.0 = Release|Any CPU
	EndGlobalSection
	GlobalSection(SolutionProperties) = preSolution
		HideSolutionNode = FALSE
	EndGlobalSection
	GlobalSection(ExtensibilityGlobals) = postSolution
		SolutionGuid = {8C20ECA0-77F5-44A5-8772-F231FF50C285}
	EndGlobalSection
EndGlobal
